<?xml version="1.0" encoding="utf-8"?>
<Project ToolsVersion="4.0" xmlns="http://schemas.microsoft.com/developer/msbuild/2003">
  <ItemGroup>
    <ClCompile Include="main.cpp" />
    <ClCompile Include="map.cpp" />
    <ClCompile Include="Mascota.cpp" />
    <ClCompile Include="menu.cpp" />
    <ClCompile Include="Personaje.cpp" />
    <ClCompile Include="skills.cpp" />
    <ClCompile Include="skill_1.cpp" />
    <ClCompile Include="skill_2.cpp" />
    <ClCompile Include="skill_3.cpp" />
    <ClCompile Include="skill_4.cpp" />
    <ClCompile Include="skill_5.cpp" />
    <ClCompile Include="GameManager.cpp" />
    <ClCompile Include="Camara.cpp" />
  </ItemGroup>
  <ItemGroup>
    <ClInclude Include="map.h" />
    <ClInclude Include="Mascota.h" />
    <ClInclude Include="menu.h" />
    <ClInclude Include="Personaje.h" />
    <ClInclude Include="skills.h" />
    <ClInclude Include="skill_1.h" />
    <ClInclude Include="skill_2.h" />
    <ClInclude Include="skill_3.h" />
    <ClInclude Include="skill_4.h" />
    <ClInclude Include="skill_5.h" />
    <ClInclude Include="GameManager.h" />
    <ClInclude Include="Camara.h" />
  </ItemGroup>
  <ItemGroup>
    <Image Include="sonic2.png" />
  </ItemGroup>
</Project>